
Microsoft Visual Studio Solution File, Format Version 11.00
# Visual Studio 2010
Project("{FAE04EC0-301F-11D3-BF4B-00C04F79EFBC}") = "Assembly-CSharp", "Assembly-CSharp.csproj", "{62F68560-D40B-0795-7A60-CAC51F5E42F1}"
EndProject
Project("{FAE04EC0-301F-11D3-BF4B-00C04F79EFBC}") = "Oculus.VR", "Oculus.VR.csproj", "{8529710E-EDB0-F1AE-3D05-CC72CA635BDE}"
EndProject
Project("{FAE04EC0-301F-11D3-BF4B-00C04F79EFBC}") = "Assembly-CSharp-Editor", "Assembly-CSharp-Editor.csproj", "{B590EF31-7BBD-C6D4-8392-BA4EEE8FF64C}"
EndProject
Project("{FAE04EC0-301F-11D3-BF4B-00C04F79EFBC}") = "Oculus.VR.Scripts.Editor", "Oculus.VR.Scripts.Editor.csproj", "{A9556761-47EF-75DA-0042-D52C36F32883}"
EndProject
Project("{FAE04EC0-301F-11D3-BF4B-00C04F79EFBC}") = "Oculus.VR.Editor", "Oculus.VR.Editor.csproj", "{73DBAEBC-0D2D-329B-E224-0299800C2B0B}"
EndProject
Global
	GlobalSection(SolutionConfigurationPlatforms) = preSolution
		Debug|Any CPU = Debug|Any CPU
		Release|Any CPU = Release|Any CPU
	EndGlobalSection
	GlobalSection(ProjectConfigurationPlatforms) = postSolution
		{62F68560-D40B-0795-7A60-CAC51F5E42F1}.Debug|Any CPU.ActiveCfg = Debug|Any CPU
		{62F68560-D40B-0795-7A60-CAC51F5E42F1}.Debug|Any CPU.Build.0 = Debug|Any CPU
		{62F68560-D40B-0795-7A60-CAC51F5E42F1}.Release|Any CPU.ActiveCfg = Release|Any CPU
		{62F68560-D40B-0795-7A60-CAC51F5E42F1}.Release|Any CPU.Build.0 = Release|Any CPU
		{8529710E-EDB0-F1AE-3D05-CC72CA635BDE}.Debug|Any CPU.ActiveCfg = Debug|Any CPU
		{8529710E-EDB0-F1AE-3D05-CC72CA635BDE}.Debug|Any CPU.Build.0 = Debug|Any CPU
		{8529710E-EDB0-F1AE-3D05-CC72CA635BDE}.Release|Any CPU.ActiveCfg = Release|Any CPU
		{8529710E-EDB0-F1AE-3D05-CC72CA635BDE}.Release|Any CPU.Build.0 = Release|Any CPU
		{B590EF31-7BBD-C6D4-8392-BA4EEE8FF64C}.Debug|Any CPU.ActiveCfg = Debug|Any CPU
		{B590EF31-7BBD-C6D4-8392-BA4EEE8FF64C}.Debug|Any CPU.Build.0 = Debug|Any CPU
		{B590EF31-7BBD-C6D4-8392-BA4EEE8FF64C}.Release|Any CPU.ActiveCfg = Release|Any CPU
		{B590EF31-7BBD-C6D4-8392-BA4EEE8FF64C}.Release|Any CPU.Build.0 = Release|Any CPU
		{A9556761-47EF-75DA-0042-D52C36F32883}.Debug|Any CPU.ActiveCfg = Debug|Any CPU
		{A9556761-47EF-75DA-0042-D52C36F32883}.Debug|Any CPU.Build.0 = Debug|Any CPU
		{A9556761-47EF-75DA-0042-D52C36F32883}.Release|Any CPU.ActiveCfg = Release|Any CPU
		{A9556761-47EF-75DA-0042-D52C36F32883}.Release|Any CPU.Build.0 = Release|Any CPU
		{73DBAEBC-0D2D-329B-E224-0299800C2B0B}.Debug|Any CPU.ActiveCfg = Debug|Any CPU
		{73DBAEBC-0D2D-329B-E224-0299800C2B0B}.Debug|Any CPU.Build.0 = Debug|Any CPU
		{73DBAEBC-0D2D-329B-E224-0299800C2B0B}.Release|Any CPU.ActiveCfg = Release|Any CPU
		{73DBAEBC-0D2D-329B-E224-0299800C2B0B}.Release|Any CPU.Build.0 = Release|Any CPU
	EndGlobalSection
	GlobalSection(SolutionProperties) = preSolution
		HideSolutionNode = FALSE
	EndGlobalSection
EndGlobal
